
Microsoft Visual Studio Solution File, Format Version 12.00
# Visual Studio Version 17
VisualStudioVersion = 17.8.34525.116
MinimumVisualStudioVersion = 10.0.40219.1
Project("{9A19103F-16F7-4668-BE54-9A1E7A4F7556}") = "SunriseNotifier", "SunriseNotifier\SunriseNotifier.csproj", "{AD7D8012-274A-454F-AF6A-80114922EFCD}"
EndProject
Global
	GlobalSection(SolutionConfigurationPlatforms) = preSolution
		Debug|Any CPU = Debug|Any CPU
		Release|Any CPU = Release|Any CPU
	EndGlobalSection
	GlobalSection(ProjectConfigurationPlatforms) = postSolution
		{AD7D8012-274A-454F-AF6A-80114922EFCD}.Debug|Any CPU.ActiveCfg = Debug|Any CPU
		{AD7D8012-274A-454F-AF6A-80114922EFCD}.Debug|Any CPU.Build.0 = Debug|Any CPU
		{AD7D8012-274A-454F-AF6A-80114922EFCD}.Release|Any CPU.ActiveCfg = Release|Any CPU
		{AD7D8012-274A-454F-AF6A-80114922EFCD}.Release|Any CPU.Build.0 = Release|Any CPU
	EndGlobalSection
	GlobalSection(SolutionProperties) = preSolution
		HideSolutionNode = FALSE
	EndGlobalSection
	GlobalSection(ExtensibilityGlobals) = postSolution
		SolutionGuid = {51D64104-891C-4081-AEC3-7DFB2E0C3668}
	EndGlobalSection
EndGlobal
